
Microsoft Visual Studio Solution File, Format Version 12.00
Project("{2150E333-8FDC-42A3-9474-1A3956D46DE8}") = "src", "src", "{93AD56C7-DCF4-44C3-AB64-C25391824937}"
EndProject
Project("{FAE04EC0-301F-11D3-BF4B-00C04F79EFBC}") = "Domain", "Domain\Domain.csproj", "{1CE3DB2F-988E-4C4C-B348-FFBF15A85560}"
EndProject
Project("{FAE04EC0-301F-11D3-BF4B-00C04F79EFBC}") = "Application", "Application\Application.csproj", "{B7CF43CB-FA56-45BC-90E4-0D99D5D0A0C8}"
EndProject
Project("{FAE04EC0-301F-11D3-BF4B-00C04F79EFBC}") = "Infrastructure", "Infrastructure\Infrastructure.csproj", "{92EBEA1D-C5EC-4374-9B30-CC36443E7462}"
EndProject
Project("{2150E333-8FDC-42A3-9474-1A3956D46DE8}") = "Presentation", "Presentation", "{51B71DEA-3A76-4A47-8DEF-72B4B1A00644}"
EndProject
Project("{FAE04EC0-301F-11D3-BF4B-00C04F79EFBC}") = "MarketPlace.IdentityServer", "MarketPlace.IdentityServer\MarketPlace.IdentityServer.csproj", "{700EA518-E0DD-41C1-A65E-859C2211BEB9}"
EndProject
Project("{FAE04EC0-301F-11D3-BF4B-00C04F79EFBC}") = "MarketPlace.Account", "MarketPlace.Account\MarketPlace.Account.csproj", "{4CBD0F44-504C-4EB8-A67F-417E2740EF9C}"
EndProject
Project("{FAE04EC0-301F-11D3-BF4B-00C04F79EFBC}") = "MarketPlace.Correspondence", "MarketPlace.Correspondence\MarketPlace.Correspondence.csproj", "{D15A24DD-86B0-4FDD-BC5A-532834363537}"
EndProject
Project("{FAE04EC0-301F-11D3-BF4B-00C04F79EFBC}") = "Shared", "Shared\Shared.csproj", "{DAFB9A01-F539-4A9A-83A8-1315B8BBF1D1}"
EndProject
Project("{2150E333-8FDC-42A3-9474-1A3956D46DE8}") = "Core", "Core", "{A2070D4E-C291-4598-87EF-339A7530DF71}"
EndProject
Project("{2150E333-8FDC-42A3-9474-1A3956D46DE8}") = "Infrastructure", "Infrastructure", "{A9A7A627-695A-4786-AE73-5E4847AF4CF8}"
EndProject
Project("{FAE04EC0-301F-11D3-BF4B-00C04F79EFBC}") = "Persistence", "Persistence\Persistence.csproj", "{71AE31A2-5536-42E8-B596-4D1D4A0F5E39}"
EndProject
Project("{2150E333-8FDC-42A3-9474-1A3956D46DE8}") = "Shared", "Shared", "{97A74F68-19C2-495D-B711-D328061040B2}"
EndProject
Project("{FAE04EC0-301F-11D3-BF4B-00C04F79EFBC}") = "MarketPlace.ApiGateway", "MarketPlace.ApiGateway\MarketPlace.ApiGateway.csproj", "{51A4C8B9-1E48-496B-8E9A-1849587CFF73}"
EndProject
Project("{FAE04EC0-301F-11D3-BF4B-00C04F79EFBC}") = "MarketPlace.Commerce", "MarketPlace.Commerce\MarketPlace.Commerce.csproj", "{104D051B-92ED-429F-8889-955079E3F672}"
EndProject
Global
	GlobalSection(SolutionConfigurationPlatforms) = preSolution
		Debug|Any CPU = Debug|Any CPU
		Release|Any CPU = Release|Any CPU
	EndGlobalSection
	GlobalSection(ProjectConfigurationPlatforms) = postSolution
		{1CE3DB2F-988E-4C4C-B348-FFBF15A85560}.Debug|Any CPU.ActiveCfg = Debug|Any CPU
		{1CE3DB2F-988E-4C4C-B348-FFBF15A85560}.Debug|Any CPU.Build.0 = Debug|Any CPU
		{1CE3DB2F-988E-4C4C-B348-FFBF15A85560}.Release|Any CPU.ActiveCfg = Release|Any CPU
		{1CE3DB2F-988E-4C4C-B348-FFBF15A85560}.Release|Any CPU.Build.0 = Release|Any CPU
		{B7CF43CB-FA56-45BC-90E4-0D99D5D0A0C8}.Debug|Any CPU.ActiveCfg = Debug|Any CPU
		{B7CF43CB-FA56-45BC-90E4-0D99D5D0A0C8}.Debug|Any CPU.Build.0 = Debug|Any CPU
		{B7CF43CB-FA56-45BC-90E4-0D99D5D0A0C8}.Release|Any CPU.ActiveCfg = Release|Any CPU
		{B7CF43CB-FA56-45BC-90E4-0D99D5D0A0C8}.Release|Any CPU.Build.0 = Release|Any CPU
		{92EBEA1D-C5EC-4374-9B30-CC36443E7462}.Debug|Any CPU.ActiveCfg = Debug|Any CPU
		{92EBEA1D-C5EC-4374-9B30-CC36443E7462}.Debug|Any CPU.Build.0 = Debug|Any CPU
		{92EBEA1D-C5EC-4374-9B30-CC36443E7462}.Release|Any CPU.ActiveCfg = Release|Any CPU
		{92EBEA1D-C5EC-4374-9B30-CC36443E7462}.Release|Any CPU.Build.0 = Release|Any CPU
		{700EA518-E0DD-41C1-A65E-859C2211BEB9}.Debug|Any CPU.ActiveCfg = Debug|Any CPU
		{700EA518-E0DD-41C1-A65E-859C2211BEB9}.Debug|Any CPU.Build.0 = Debug|Any CPU
		{700EA518-E0DD-41C1-A65E-859C2211BEB9}.Release|Any CPU.ActiveCfg = Release|Any CPU
		{700EA518-E0DD-41C1-A65E-859C2211BEB9}.Release|Any CPU.Build.0 = Release|Any CPU
		{4CBD0F44-504C-4EB8-A67F-417E2740EF9C}.Debug|Any CPU.ActiveCfg = Debug|Any CPU
		{4CBD0F44-504C-4EB8-A67F-417E2740EF9C}.Debug|Any CPU.Build.0 = Debug|Any CPU
		{4CBD0F44-504C-4EB8-A67F-417E2740EF9C}.Release|Any CPU.ActiveCfg = Release|Any CPU
		{4CBD0F44-504C-4EB8-A67F-417E2740EF9C}.Release|Any CPU.Build.0 = Release|Any CPU
		{D15A24DD-86B0-4FDD-BC5A-532834363537}.Debug|Any CPU.ActiveCfg = Debug|Any CPU
		{D15A24DD-86B0-4FDD-BC5A-532834363537}.Debug|Any CPU.Build.0 = Debug|Any CPU
		{D15A24DD-86B0-4FDD-BC5A-532834363537}.Release|Any CPU.ActiveCfg = Release|Any CPU
		{D15A24DD-86B0-4FDD-BC5A-532834363537}.Release|Any CPU.Build.0 = Release|Any CPU
		{DAFB9A01-F539-4A9A-83A8-1315B8BBF1D1}.Debug|Any CPU.ActiveCfg = Debug|Any CPU
		{DAFB9A01-F539-4A9A-83A8-1315B8BBF1D1}.Debug|Any CPU.Build.0 = Debug|Any CPU
		{DAFB9A01-F539-4A9A-83A8-1315B8BBF1D1}.Release|Any CPU.ActiveCfg = Release|Any CPU
		{DAFB9A01-F539-4A9A-83A8-1315B8BBF1D1}.Release|Any CPU.Build.0 = Release|Any CPU
		{71AE31A2-5536-42E8-B596-4D1D4A0F5E39}.Debug|Any CPU.ActiveCfg = Debug|Any CPU
		{71AE31A2-5536-42E8-B596-4D1D4A0F5E39}.Debug|Any CPU.Build.0 = Debug|Any CPU
		{71AE31A2-5536-42E8-B596-4D1D4A0F5E39}.Release|Any CPU.ActiveCfg = Release|Any CPU
		{71AE31A2-5536-42E8-B596-4D1D4A0F5E39}.Release|Any CPU.Build.0 = Release|Any CPU
		{51A4C8B9-1E48-496B-8E9A-1849587CFF73}.Debug|Any CPU.ActiveCfg = Debug|Any CPU
		{51A4C8B9-1E48-496B-8E9A-1849587CFF73}.Debug|Any CPU.Build.0 = Debug|Any CPU
		{51A4C8B9-1E48-496B-8E9A-1849587CFF73}.Release|Any CPU.ActiveCfg = Release|Any CPU
		{51A4C8B9-1E48-496B-8E9A-1849587CFF73}.Release|Any CPU.Build.0 = Release|Any CPU
		{104D051B-92ED-429F-8889-955079E3F672}.Debug|Any CPU.ActiveCfg = Debug|Any CPU
		{104D051B-92ED-429F-8889-955079E3F672}.Debug|Any CPU.Build.0 = Debug|Any CPU
		{104D051B-92ED-429F-8889-955079E3F672}.Release|Any CPU.ActiveCfg = Release|Any CPU
		{104D051B-92ED-429F-8889-955079E3F672}.Release|Any CPU.Build.0 = Release|Any CPU
	EndGlobalSection
	GlobalSection(NestedProjects) = preSolution
		{51B71DEA-3A76-4A47-8DEF-72B4B1A00644} = {93AD56C7-DCF4-44C3-AB64-C25391824937}
		{700EA518-E0DD-41C1-A65E-859C2211BEB9} = {51B71DEA-3A76-4A47-8DEF-72B4B1A00644}
		{4CBD0F44-504C-4EB8-A67F-417E2740EF9C} = {51B71DEA-3A76-4A47-8DEF-72B4B1A00644}
		{D15A24DD-86B0-4FDD-BC5A-532834363537} = {51B71DEA-3A76-4A47-8DEF-72B4B1A00644}
		{A2070D4E-C291-4598-87EF-339A7530DF71} = {93AD56C7-DCF4-44C3-AB64-C25391824937}
		{B7CF43CB-FA56-45BC-90E4-0D99D5D0A0C8} = {A2070D4E-C291-4598-87EF-339A7530DF71}
		{1CE3DB2F-988E-4C4C-B348-FFBF15A85560} = {A2070D4E-C291-4598-87EF-339A7530DF71}
		{A9A7A627-695A-4786-AE73-5E4847AF4CF8} = {93AD56C7-DCF4-44C3-AB64-C25391824937}
		{92EBEA1D-C5EC-4374-9B30-CC36443E7462} = {A9A7A627-695A-4786-AE73-5E4847AF4CF8}
		{71AE31A2-5536-42E8-B596-4D1D4A0F5E39} = {A9A7A627-695A-4786-AE73-5E4847AF4CF8}
		{97A74F68-19C2-495D-B711-D328061040B2} = {93AD56C7-DCF4-44C3-AB64-C25391824937}
		{DAFB9A01-F539-4A9A-83A8-1315B8BBF1D1} = {97A74F68-19C2-495D-B711-D328061040B2}
		{51A4C8B9-1E48-496B-8E9A-1849587CFF73} = {51B71DEA-3A76-4A47-8DEF-72B4B1A00644}
		{104D051B-92ED-429F-8889-955079E3F672} = {51B71DEA-3A76-4A47-8DEF-72B4B1A00644}
	EndGlobalSection
EndGlobal
